
Microsoft Visual Studio Solution File, Format Version 12.00
# Visual Studio Version 17
VisualStudioVersion = 17.14.36915.13 d17.14
MinimumVisualStudioVersion = 10.0.40219.1
Project("{FAE04EC0-301F-11D3-BF4B-00C04F79EFBC}") = "Bai13", "Bai13.csproj", "{C01EC58D-BBB7-4B92-90D4-B0D26DD34570}"
EndProject
Global
	GlobalSection(SolutionConfigurationPlatforms) = preSolution
		Debug|Any CPU = Debug|Any CPU
		Release|Any CPU = Release|Any CPU
	EndGlobalSection
	GlobalSection(ProjectConfigurationPlatforms) = postSolution
		{C01EC58D-BBB7-4B92-90D4-B0D26DD34570}.Debug|Any CPU.ActiveCfg = Debug|Any CPU
		{C01EC58D-BBB7-4B92-90D4-B0D26DD34570}.Debug|Any CPU.Build.0 = Debug|Any CPU
		{C01EC58D-BBB7-4B92-90D4-B0D26DD34570}.Release|Any CPU.ActiveCfg = Release|Any CPU
		{C01EC58D-BBB7-4B92-90D4-B0D26DD34570}.Release|Any CPU.Build.0 = Release|Any CPU
	EndGlobalSection
	GlobalSection(SolutionProperties) = preSolution
		HideSolutionNode = FALSE
	EndGlobalSection
	GlobalSection(ExtensibilityGlobals) = postSolution
		SolutionGuid = {50D09198-C09D-4C9B-AC0E-922F9D28CF2D}
	EndGlobalSection
EndGlobal
