
Microsoft Visual Studio Solution File, Format Version 12.00
# Visual Studio Version 17
VisualStudioVersion = 17.14.36915.13 d17.14
MinimumVisualStudioVersion = 10.0.40219.1
Project("{FAE04EC0-301F-11D3-BF4B-00C04F79EFBC}") = "Bai16", "Bai16.csproj", "{725FCF74-CD81-4DA9-BDDA-E5EED0CA1E65}"
EndProject
Global
	GlobalSection(SolutionConfigurationPlatforms) = preSolution
		Debug|Any CPU = Debug|Any CPU
		Release|Any CPU = Release|Any CPU
	EndGlobalSection
	GlobalSection(ProjectConfigurationPlatforms) = postSolution
		{725FCF74-CD81-4DA9-BDDA-E5EED0CA1E65}.Debug|Any CPU.ActiveCfg = Debug|Any CPU
		{725FCF74-CD81-4DA9-BDDA-E5EED0CA1E65}.Debug|Any CPU.Build.0 = Debug|Any CPU
		{725FCF74-CD81-4DA9-BDDA-E5EED0CA1E65}.Release|Any CPU.ActiveCfg = Release|Any CPU
		{725FCF74-CD81-4DA9-BDDA-E5EED0CA1E65}.Release|Any CPU.Build.0 = Release|Any CPU
	EndGlobalSection
	GlobalSection(SolutionProperties) = preSolution
		HideSolutionNode = FALSE
	EndGlobalSection
	GlobalSection(ExtensibilityGlobals) = postSolution
		SolutionGuid = {23524D1E-37A0-4100-9C31-4574C1965033}
	EndGlobalSection
EndGlobal
