
Microsoft Visual Studio Solution File, Format Version 12.00
# Visual Studio Version 17
VisualStudioVersion = 17.14.36915.13 d17.14
MinimumVisualStudioVersion = 10.0.40219.1
Project("{FAE04EC0-301F-11D3-BF4B-00C04F79EFBC}") = "Bai18", "Bai18.csproj", "{EECCB984-8AB6-464A-A8F1-95CE65398F76}"
EndProject
Global
	GlobalSection(SolutionConfigurationPlatforms) = preSolution
		Debug|Any CPU = Debug|Any CPU
		Release|Any CPU = Release|Any CPU
	EndGlobalSection
	GlobalSection(ProjectConfigurationPlatforms) = postSolution
		{EECCB984-8AB6-464A-A8F1-95CE65398F76}.Debug|Any CPU.ActiveCfg = Debug|Any CPU
		{EECCB984-8AB6-464A-A8F1-95CE65398F76}.Debug|Any CPU.Build.0 = Debug|Any CPU
		{EECCB984-8AB6-464A-A8F1-95CE65398F76}.Release|Any CPU.ActiveCfg = Release|Any CPU
		{EECCB984-8AB6-464A-A8F1-95CE65398F76}.Release|Any CPU.Build.0 = Release|Any CPU
	EndGlobalSection
	GlobalSection(SolutionProperties) = preSolution
		HideSolutionNode = FALSE
	EndGlobalSection
	GlobalSection(ExtensibilityGlobals) = postSolution
		SolutionGuid = {5BD10B39-B618-4207-8943-2099A16C892B}
	EndGlobalSection
EndGlobal
