
Microsoft Visual Studio Solution File, Format Version 12.00
# Visual Studio Version 17
VisualStudioVersion = 17.14.36915.13 d17.14
MinimumVisualStudioVersion = 10.0.40219.1
Project("{FAE04EC0-301F-11D3-BF4B-00C04F79EFBC}") = "Bai3", "Bai3.csproj", "{373DEB86-F44D-44E1-83D6-94D61B5A98EF}"
EndProject
Global
	GlobalSection(SolutionConfigurationPlatforms) = preSolution
		Debug|Any CPU = Debug|Any CPU
		Release|Any CPU = Release|Any CPU
	EndGlobalSection
	GlobalSection(ProjectConfigurationPlatforms) = postSolution
		{373DEB86-F44D-44E1-83D6-94D61B5A98EF}.Debug|Any CPU.ActiveCfg = Debug|Any CPU
		{373DEB86-F44D-44E1-83D6-94D61B5A98EF}.Debug|Any CPU.Build.0 = Debug|Any CPU
		{373DEB86-F44D-44E1-83D6-94D61B5A98EF}.Release|Any CPU.ActiveCfg = Release|Any CPU
		{373DEB86-F44D-44E1-83D6-94D61B5A98EF}.Release|Any CPU.Build.0 = Release|Any CPU
	EndGlobalSection
	GlobalSection(SolutionProperties) = preSolution
		HideSolutionNode = FALSE
	EndGlobalSection
	GlobalSection(ExtensibilityGlobals) = postSolution
		SolutionGuid = {A2C0D089-8871-4343-BE02-EAD8577C789A}
	EndGlobalSection
EndGlobal
