
Microsoft Visual Studio Solution File, Format Version 12.00
# Visual Studio Version 17
VisualStudioVersion = 17.14.36915.13 d17.14
MinimumVisualStudioVersion = 10.0.40219.1
Project("{FAE04EC0-301F-11D3-BF4B-00C04F79EFBC}") = "Bai8", "Bai8.csproj", "{D08A6598-ABA9-4A8D-8920-80999AF389F7}"
EndProject
Global
	GlobalSection(SolutionConfigurationPlatforms) = preSolution
		Debug|Any CPU = Debug|Any CPU
		Release|Any CPU = Release|Any CPU
	EndGlobalSection
	GlobalSection(ProjectConfigurationPlatforms) = postSolution
		{D08A6598-ABA9-4A8D-8920-80999AF389F7}.Debug|Any CPU.ActiveCfg = Debug|Any CPU
		{D08A6598-ABA9-4A8D-8920-80999AF389F7}.Debug|Any CPU.Build.0 = Debug|Any CPU
		{D08A6598-ABA9-4A8D-8920-80999AF389F7}.Release|Any CPU.ActiveCfg = Release|Any CPU
		{D08A6598-ABA9-4A8D-8920-80999AF389F7}.Release|Any CPU.Build.0 = Release|Any CPU
	EndGlobalSection
	GlobalSection(SolutionProperties) = preSolution
		HideSolutionNode = FALSE
	EndGlobalSection
	GlobalSection(ExtensibilityGlobals) = postSolution
		SolutionGuid = {F1111CB7-C1FC-4036-95CA-81DB7A63FFB1}
	EndGlobalSection
EndGlobal
