
Microsoft Visual Studio Solution File, Format Version 12.00
# Visual Studio Version 17
VisualStudioVersion = 17.14.36915.13 d17.14
MinimumVisualStudioVersion = 10.0.40219.1
Project("{FAE04EC0-301F-11D3-BF4B-00C04F79EFBC}") = "Bai1-Taodanhsachsonguyen", "Bai1-Taodanhsachsonguyen.csproj", "{174A3AC1-0F39-418F-94C0-A3CF53DA65DA}"
EndProject
Global
	GlobalSection(SolutionConfigurationPlatforms) = preSolution
		Debug|Any CPU = Debug|Any CPU
		Release|Any CPU = Release|Any CPU
	EndGlobalSection
	GlobalSection(ProjectConfigurationPlatforms) = postSolution
		{174A3AC1-0F39-418F-94C0-A3CF53DA65DA}.Debug|Any CPU.ActiveCfg = Debug|Any CPU
		{174A3AC1-0F39-418F-94C0-A3CF53DA65DA}.Debug|Any CPU.Build.0 = Debug|Any CPU
		{174A3AC1-0F39-418F-94C0-A3CF53DA65DA}.Release|Any CPU.ActiveCfg = Release|Any CPU
		{174A3AC1-0F39-418F-94C0-A3CF53DA65DA}.Release|Any CPU.Build.0 = Release|Any CPU
	EndGlobalSection
	GlobalSection(SolutionProperties) = preSolution
		HideSolutionNode = FALSE
	EndGlobalSection
	GlobalSection(ExtensibilityGlobals) = postSolution
		SolutionGuid = {5CB29A20-5B01-428F-9510-9561AB2A793F}
	EndGlobalSection
EndGlobal
